
Microsoft Visual Studio Solution File, Format Version 12.00
# Visual Studio 2013
VisualStudioVersion = 12.0.21005.1
MinimumVisualStudioVersion = 10.0.40219.1
Project("{FAE04EC0-301F-11D3-BF4B-00C04F79EFBC}") = "New", "New\New.csproj", "{7FFA9727-DEAD-4B3E-8DB8-40153C1A9BCB}"
EndProject
Project("{6141683F-8A12-4E36-9623-2EB02B2C2303}") = "Setup1", "Setup1\Setup1.isproj", "{164F6662-1821-483C-9F32-E5EDC0A9FA3F}"
	ProjectSection(ProjectDependencies) = postProject
		{7FFA9727-DEAD-4B3E-8DB8-40153C1A9BCB} = {7FFA9727-DEAD-4B3E-8DB8-40153C1A9BCB}
	EndProjectSection
EndProject
Global
	GlobalSection(SolutionConfigurationPlatforms) = preSolution
		CD_ROM|Any CPU = CD_ROM|Any CPU
		CD_ROM|x64 = CD_ROM|x64
		Debug|Any CPU = Debug|Any CPU
		Debug|x64 = Debug|x64
		DVD-5|Any CPU = DVD-5|Any CPU
		DVD-5|x64 = DVD-5|x64
		Release|Any CPU = Release|Any CPU
		Release|x64 = Release|x64
		SingleImage|Any CPU = SingleImage|Any CPU
		SingleImage|x64 = SingleImage|x64
	EndGlobalSection
	GlobalSection(ProjectConfigurationPlatforms) = postSolution
		{7FFA9727-DEAD-4B3E-8DB8-40153C1A9BCB}.CD_ROM|Any CPU.ActiveCfg = Release|Any CPU
		{7FFA9727-DEAD-4B3E-8DB8-40153C1A9BCB}.CD_ROM|Any CPU.Build.0 = Release|Any CPU
		{7FFA9727-DEAD-4B3E-8DB8-40153C1A9BCB}.CD_ROM|x64.ActiveCfg = Release|x64
		{7FFA9727-DEAD-4B3E-8DB8-40153C1A9BCB}.CD_ROM|x64.Build.0 = Release|x64
		{7FFA9727-DEAD-4B3E-8DB8-40153C1A9BCB}.Debug|Any CPU.ActiveCfg = Debug|Any CPU
		{7FFA9727-DEAD-4B3E-8DB8-40153C1A9BCB}.Debug|Any CPU.Build.0 = Debug|Any CPU
		{7FFA9727-DEAD-4B3E-8DB8-40153C1A9BCB}.Debug|x64.ActiveCfg = Debug|x64
		{7FFA9727-DEAD-4B3E-8DB8-40153C1A9BCB}.Debug|x64.Build.0 = Debug|x64
		{7FFA9727-DEAD-4B3E-8DB8-40153C1A9BCB}.DVD-5|Any CPU.ActiveCfg = Debug|Any CPU
		{7FFA9727-DEAD-4B3E-8DB8-40153C1A9BCB}.DVD-5|Any CPU.Build.0 = Debug|Any CPU
		{7FFA9727-DEAD-4B3E-8DB8-40153C1A9BCB}.DVD-5|x64.ActiveCfg = Debug|x64
		{7FFA9727-DEAD-4B3E-8DB8-40153C1A9BCB}.DVD-5|x64.Build.0 = Debug|x64
		{7FFA9727-DEAD-4B3E-8DB8-40153C1A9BCB}.Release|Any CPU.ActiveCfg = Release|Any CPU
		{7FFA9727-DEAD-4B3E-8DB8-40153C1A9BCB}.Release|Any CPU.Build.0 = Release|Any CPU
		{7FFA9727-DEAD-4B3E-8DB8-40153C1A9BCB}.Release|x64.ActiveCfg = Release|x64
		{7FFA9727-DEAD-4B3E-8DB8-40153C1A9BCB}.Release|x64.Build.0 = Release|x64
		{7FFA9727-DEAD-4B3E-8DB8-40153C1A9BCB}.SingleImage|Any CPU.ActiveCfg = Release|Any CPU
		{7FFA9727-DEAD-4B3E-8DB8-40153C1A9BCB}.SingleImage|Any CPU.Build.0 = Release|Any CPU
		{7FFA9727-DEAD-4B3E-8DB8-40153C1A9BCB}.SingleImage|x64.ActiveCfg = Release|x64
		{7FFA9727-DEAD-4B3E-8DB8-40153C1A9BCB}.SingleImage|x64.Build.0 = Release|x64
		{164F6662-1821-483C-9F32-E5EDC0A9FA3F}.CD_ROM|Any CPU.ActiveCfg = CD_ROM
		{164F6662-1821-483C-9F32-E5EDC0A9FA3F}.CD_ROM|Any CPU.Build.0 = CD_ROM
		{164F6662-1821-483C-9F32-E5EDC0A9FA3F}.CD_ROM|x64.ActiveCfg = CD_ROM
		{164F6662-1821-483C-9F32-E5EDC0A9FA3F}.CD_ROM|x64.Build.0 = CD_ROM
		{164F6662-1821-483C-9F32-E5EDC0A9FA3F}.Debug|Any CPU.ActiveCfg = DVD-5
		{164F6662-1821-483C-9F32-E5EDC0A9FA3F}.Debug|Any CPU.Build.0 = DVD-5
		{164F6662-1821-483C-9F32-E5EDC0A9FA3F}.Debug|x64.ActiveCfg = DVD-5
		{164F6662-1821-483C-9F32-E5EDC0A9FA3F}.Debug|x64.Build.0 = DVD-5
		{164F6662-1821-483C-9F32-E5EDC0A9FA3F}.DVD-5|Any CPU.ActiveCfg = DVD-5
		{164F6662-1821-483C-9F32-E5EDC0A9FA3F}.DVD-5|Any CPU.Build.0 = DVD-5
		{164F6662-1821-483C-9F32-E5EDC0A9FA3F}.DVD-5|x64.ActiveCfg = DVD-5
		{164F6662-1821-483C-9F32-E5EDC0A9FA3F}.DVD-5|x64.Build.0 = DVD-5
		{164F6662-1821-483C-9F32-E5EDC0A9FA3F}.Release|Any CPU.ActiveCfg = SingleImage
		{164F6662-1821-483C-9F32-E5EDC0A9FA3F}.Release|Any CPU.Build.0 = SingleImage
		{164F6662-1821-483C-9F32-E5EDC0A9FA3F}.Release|x64.ActiveCfg = SingleImage
		{164F6662-1821-483C-9F32-E5EDC0A9FA3F}.Release|x64.Build.0 = SingleImage
		{164F6662-1821-483C-9F32-E5EDC0A9FA3F}.SingleImage|Any CPU.ActiveCfg = SingleImage
		{164F6662-1821-483C-9F32-E5EDC0A9FA3F}.SingleImage|Any CPU.Build.0 = SingleImage
		{164F6662-1821-483C-9F32-E5EDC0A9FA3F}.SingleImage|x64.ActiveCfg = SingleImage
		{164F6662-1821-483C-9F32-E5EDC0A9FA3F}.SingleImage|x64.Build.0 = SingleImage
	EndGlobalSection
	GlobalSection(SolutionProperties) = preSolution
		HideSolutionNode = FALSE
	EndGlobalSection
EndGlobal
